
Microsoft Visual Studio Solution File, Format Version 12.00
# Visual Studio 15
VisualStudioVersion = 15.0.27004.2005
MinimumVisualStudioVersion = 10.0.40219.1
Project("{FAE04EC0-301F-11D3-BF4B-00C04F79EFBC}") = "Analyzer1", "Analyzer1\Analyzer1\Analyzer1.csproj", "{9BE4E515-9001-4ED8-B42B-D4DEAA1F1A83}"
EndProject
Project("{FAE04EC0-301F-11D3-BF4B-00C04F79EFBC}") = "Analyzer1.Test", "Analyzer1\Analyzer1.Test\Analyzer1.Test.csproj", "{78C494F8-103C-498B-852E-4AAC7D877E39}"
EndProject
Project("{FAE04EC0-301F-11D3-BF4B-00C04F79EFBC}") = "Analyzer1.Vsix", "Analyzer1\Analyzer1.Vsix\Analyzer1.Vsix.csproj", "{692BBB0E-C8EF-4BA0-A03D-1C3C8C405A7A}"
EndProject
Global
	GlobalSection(SolutionConfigurationPlatforms) = preSolution
		Debug|Any CPU = Debug|Any CPU
		Release|Any CPU = Release|Any CPU
	EndGlobalSection
	GlobalSection(ProjectConfigurationPlatforms) = postSolution
		{9BE4E515-9001-4ED8-B42B-D4DEAA1F1A83}.Debug|Any CPU.ActiveCfg = Debug|Any CPU
		{9BE4E515-9001-4ED8-B42B-D4DEAA1F1A83}.Debug|Any CPU.Build.0 = Debug|Any CPU
		{9BE4E515-9001-4ED8-B42B-D4DEAA1F1A83}.Release|Any CPU.ActiveCfg = Release|Any CPU
		{9BE4E515-9001-4ED8-B42B-D4DEAA1F1A83}.Release|Any CPU.Build.0 = Release|Any CPU
		{78C494F8-103C-498B-852E-4AAC7D877E39}.Debug|Any CPU.ActiveCfg = Debug|Any CPU
		{78C494F8-103C-498B-852E-4AAC7D877E39}.Debug|Any CPU.Build.0 = Debug|Any CPU
		{78C494F8-103C-498B-852E-4AAC7D877E39}.Release|Any CPU.ActiveCfg = Release|Any CPU
		{78C494F8-103C-498B-852E-4AAC7D877E39}.Release|Any CPU.Build.0 = Release|Any CPU
		{692BBB0E-C8EF-4BA0-A03D-1C3C8C405A7A}.Debug|Any CPU.ActiveCfg = Debug|Any CPU
		{692BBB0E-C8EF-4BA0-A03D-1C3C8C405A7A}.Debug|Any CPU.Build.0 = Debug|Any CPU
		{692BBB0E-C8EF-4BA0-A03D-1C3C8C405A7A}.Release|Any CPU.ActiveCfg = Release|Any CPU
		{692BBB0E-C8EF-4BA0-A03D-1C3C8C405A7A}.Release|Any CPU.Build.0 = Release|Any CPU
	EndGlobalSection
	GlobalSection(SolutionProperties) = preSolution
		HideSolutionNode = FALSE
	EndGlobalSection
	GlobalSection(ExtensibilityGlobals) = postSolution
		SolutionGuid = {5135FA36-D64D-4CE5-922E-3F1AAB843480}
	EndGlobalSection
EndGlobal
